// !$*UTF8*$!
{
	archiveVersion = 1;
	classes = {
	};
	objectVersion = 46;
	objects = {

/* Begin PBXBuildFile section */
		2832DE2019F0631A0019D9A6 /* AVFoundationViewController.swift in Sources */ = {isa = PBXBuildFile; fileRef = 2832DE1F19F0631A0019D9A6 /* AVFoundationViewController.swift */; };
		2832DE2219F07F9E0019D9A6 /* FilteredMainImage.swift in Sources */ = {isa = PBXBuildFile; fileRef = 2832DE2119F07F9E0019D9A6 /* FilteredMainImage.swift */; };
		283953E619EEF25500EC4CA4 /* PhotoCollectionViewCell.swift in Sources */ = {isa = PBXBuildFile; fileRef = 283953E519EEF25500EC4CA4 /* PhotoCollectionViewCell.swift */; };
		283953E819EEF2B000EC4CA4 /* PhotosViewController.swift in Sources */ = {isa = PBXBuildFile; fileRef = 283953E719EEF2B000EC4CA4 /* PhotosViewController.swift */; };
		28991A1119EC346C00AA4FF1 /* AppDelegate.swift in Sources */ = {isa = PBXBuildFile; fileRef = 28991A1019EC346C00AA4FF1 /* AppDelegate.swift */; };
		28991A1419EC346C00AA4FF1 /* PhotoFilters.xcdatamodeld in Sources */ = {isa = PBXBuildFile; fileRef = 28991A1219EC346C00AA4FF1 /* PhotoFilters.xcdatamodeld */; };
		28991A1619EC346C00AA4FF1 /* ViewController.swift in Sources */ = {isa = PBXBuildFile; fileRef = 28991A1519EC346C00AA4FF1 /* ViewController.swift */; };
		28991A1919EC346C00AA4FF1 /* Main.storyboard in Resources */ = {isa = PBXBuildFile; fileRef = 28991A1719EC346C00AA4FF1 /* Main.storyboard */; };
		28991A1B19EC346C00AA4FF1 /* Images.xcassets in Resources */ = {isa = PBXBuildFile; fileRef = 28991A1A19EC346C00AA4FF1 /* Images.xcassets */; };
		28991A1E19EC346C00AA4FF1 /* LaunchScreen.xib in Resources */ = {isa = PBXBuildFile; fileRef = 28991A1C19EC346C00AA4FF1 /* LaunchScreen.xib */; };
		28991A2A19EC346C00AA4FF1 /* PhotoFiltersTests.swift in Sources */ = {isa = PBXBuildFile; fileRef = 28991A2919EC346C00AA4FF1 /* PhotoFiltersTests.swift */; };
		28991A3719EC3B9D00AA4FF1 /* testPhoto.jpg in Resources */ = {isa = PBXBuildFile; fileRef = 28991A3619EC3B9D00AA4FF1 /* testPhoto.jpg */; };
		28991A3919EC3C9100AA4FF1 /* GalleryViewController.swift in Sources */ = {isa = PBXBuildFile; fileRef = 28991A3819EC3C9100AA4FF1 /* GalleryViewController.swift */; };
		28991A4019EC41A200AA4FF1 /* photo3.jpg in Resources */ = {isa = PBXBuildFile; fileRef = 28991A3E19EC41A200AA4FF1 /* photo3.jpg */; };
		28991A4119EC41A200AA4FF1 /* photo2.jpg in Resources */ = {isa = PBXBuildFile; fileRef = 28991A3F19EC41A200AA4FF1 /* photo2.jpg */; };
		28991A4319EC422C00AA4FF1 /* CollectionViewCell.swift in Sources */ = {isa = PBXBuildFile; fileRef = 28991A4219EC422C00AA4FF1 /* CollectionViewCell.swift */; };
		28EA7F3819ED903F0046DFCC /* FilterCollectionViewCell.swift in Sources */ = {isa = PBXBuildFile; fileRef = 28EA7F3719ED903F0046DFCC /* FilterCollectionViewCell.swift */; };
		28EA7F3A19ED91840046DFCC /* FilterThumbnail.swift in Sources */ = {isa = PBXBuildFile; fileRef = 28EA7F3919ED91840046DFCC /* FilterThumbnail.swift */; };
		28EA7F3C19EDA04B0046DFCC /* CoreDataSeeder.swift in Sources */ = {isa = PBXBuildFile; fileRef = 28EA7F3B19EDA04B0046DFCC /* CoreDataSeeder.swift */; };
		28EA7F4219EDA1A60046DFCC /* Filter.swift in Sources */ = {isa = PBXBuildFile; fileRef = 28EA7F4119EDA1A60046DFCC /* Filter.swift */; };
/* End PBXBuildFile section */

/* Begin PBXContainerItemProxy section */
		28991A2419EC346C00AA4FF1 /* PBXContainerItemProxy */ = {
			isa = PBXContainerItemProxy;
			containerPortal = 28991A0319EC346C00AA4FF1 /* Project object */;
			proxyType = 1;
			remoteGlobalIDString = 28991A0A19EC346C00AA4FF1;
			remoteInfo = PhotoFilters;
		};
/* End PBXContainerItemProxy section */

/* Begin PBXFileReference section */
		2832DE1F19F0631A0019D9A6 /* AVFoundationViewController.swift */ = {isa = PBXFileReference; fileEncoding = 4; lastKnownFileType = sourcecode.swift; path = AVFoundationViewController.swift; sourceTree = "<group>"; };
		2832DE2119F07F9E0019D9A6 /* FilteredMainImage.swift */ = {isa = PBXFileReference; fileEncoding = 4; lastKnownFileType = sourcecode.swift; path = FilteredMainImage.swift; sourceTree = "<group>"; };
		283953E519EEF25500EC4CA4 /* PhotoCollectionViewCell.swift */ = {isa = PBXFileReference; fileEncoding = 4; lastKnownFileType = sourcecode.swift; path = PhotoCollectionViewCell.swift; sourceTree = "<group>"; };
		283953E719EEF2B000EC4CA4 /* PhotosViewController.swift */ = {isa = PBXFileReference; fileEncoding = 4; lastKnownFileType = sourcecode.swift; path = PhotosViewController.swift; sourceTree = "<group>"; };
		28991A0B19EC346C00AA4FF1 /* PhotoFilters.app */ = {isa = PBXFileReference; explicitFileType = wrapper.application; includeInIndex = 0; path = PhotoFilters.app; sourceTree = BUILT_PRODUCTS_DIR; };
		28991A0F19EC346C00AA4FF1 /* Info.plist */ = {isa = PBXFileReference; lastKnownFileType = text.plist.xml; path = Info.plist; sourceTree = "<group>"; };
		28991A1019EC346C00AA4FF1 /* AppDelegate.swift */ = {isa = PBXFileReference; lastKnownFileType = sourcecode.swift; path = AppDelegate.swift; sourceTree = "<group>"; };
		28991A1319EC346C00AA4FF1 /* PhotoFilters.xcdatamodel */ = {isa = PBXFileReference; lastKnownFileType = wrapper.xcdatamodel; path = PhotoFilters.xcdatamodel; sourceTree = "<group>"; };
		28991A1519EC346C00AA4FF1 /* ViewController.swift */ = {isa = PBXFileReference; lastKnownFileType = sourcecode.swift; name = ViewController.swift; path = PhotoFilters/ViewController.swift; sourceTree = "<group>"; };
		28991A1819EC346C00AA4FF1 /* Base */ = {isa = PBXFileReference; lastKnownFileType = file.storyboard; name = Base; path = Base.lproj/Main.storyboard; sourceTree = "<group>"; };
		28991A1A19EC346C00AA4FF1 /* Images.xcassets */ = {isa = PBXFileReference; lastKnownFileType = folder.assetcatalog; path = Images.xcassets; sourceTree = "<group>"; };
		28991A1D19EC346C00AA4FF1 /* Base */ = {isa = PBXFileReference; lastKnownFileType = file.xib; name = Base; path = Base.lproj/LaunchScreen.xib; sourceTree = "<group>"; };
		28991A2319EC346C00AA4FF1 /* PhotoFiltersTests.xctest */ = {isa = PBXFileReference; explicitFileType = wrapper.cfbundle; includeInIndex = 0; path = PhotoFiltersTests.xctest; sourceTree = BUILT_PRODUCTS_DIR; };
		28991A2819EC346C00AA4FF1 /* Info.plist */ = {isa = PBXFileReference; lastKnownFileType = text.plist.xml; path = Info.plist; sourceTree = "<group>"; };
		28991A2919EC346C00AA4FF1 /* PhotoFiltersTests.swift */ = {isa = PBXFileReference; lastKnownFileType = sourcecode.swift; path = PhotoFiltersTests.swift; sourceTree = "<group>"; };
		28991A3619EC3B9D00AA4FF1 /* testPhoto.jpg */ = {isa = PBXFileReference; lastKnownFileType = image.jpeg; path = testPhoto.jpg; sourceTree = "<group>"; };
		28991A3819EC3C9100AA4FF1 /* GalleryViewController.swift */ = {isa = PBXFileReference; fileEncoding = 4; lastKnownFileType = sourcecode.swift; path = GalleryViewController.swift; sourceTree = "<group>"; };
		28991A3E19EC41A200AA4FF1 /* photo3.jpg */ = {isa = PBXFileReference; lastKnownFileType = image.jpeg; path = photo3.jpg; sourceTree = "<group>"; };
		28991A3F19EC41A200AA4FF1 /* photo2.jpg */ = {isa = PBXFileReference; lastKnownFileType = image.jpeg; path = photo2.jpg; sourceTree = "<group>"; };
		28991A4219EC422C00AA4FF1 /* CollectionViewCell.swift */ = {isa = PBXFileReference; fileEncoding = 4; lastKnownFileType = sourcecode.swift; path = CollectionViewCell.swift; sourceTree = "<group>"; };
		28EA7F3719ED903F0046DFCC /* FilterCollectionViewCell.swift */ = {isa = PBXFileReference; fileEncoding = 4; lastKnownFileType = sourcecode.swift; path = FilterCollectionViewCell.swift; sourceTree = "<group>"; };
		28EA7F3919ED91840046DFCC /* FilterThumbnail.swift */ = {isa = PBXFileReference; fileEncoding = 4; lastKnownFileType = sourcecode.swift; path = FilterThumbnail.swift; sourceTree = "<group>"; };
		28EA7F3B19EDA04B0046DFCC /* CoreDataSeeder.swift */ = {isa = PBXFileReference; fileEncoding = 4; lastKnownFileType = sourcecode.swift; path = CoreDataSeeder.swift; sourceTree = "<group>"; };
		28EA7F4119EDA1A60046DFCC /* Filter.swift */ = {isa = PBXFileReference; fileEncoding = 4; lastKnownFileType = sourcecode.swift; path = Filter.swift; sourceTree = "<group>"; };
/* End PBXFileReference section */

/* Begin PBXFrameworksBuildPhase section */
		28991A0819EC346C00AA4FF1 /* Frameworks */ = {
			isa = PBXFrameworksBuildPhase;
			buildActionMask = 2147483647;
			files = (
			);
			runOnlyForDeploymentPostprocessing = 0;
		};
		28991A2019EC346C00AA4FF1 /* Frameworks */ = {
			isa = PBXFrameworksBuildPhase;
			buildActionMask = 2147483647;
			files = (
			);
			runOnlyForDeploymentPostprocessing = 0;
		};
/* End PBXFrameworksBuildPhase section */

/* Begin PBXGroup section */
		28991A0219EC346C00AA4FF1 = {
			isa = PBXGroup;
			children = (
				28991A0D19EC346C00AA4FF1 /* PhotoFilters */,
				28991A2619EC346C00AA4FF1 /* PhotoFiltersTests */,
				28991A0C19EC346C00AA4FF1 /* Products */,
			);
			sourceTree = "<group>";
		};
		28991A0C19EC346C00AA4FF1 /* Products */ = {
			isa = PBXGroup;
			children = (
				28991A0B19EC346C00AA4FF1 /* PhotoFilters.app */,
				28991A2319EC346C00AA4FF1 /* PhotoFiltersTests.xctest */,
			);
			name = Products;
			sourceTree = "<group>";
		};
		28991A0D19EC346C00AA4FF1 /* PhotoFilters */ = {
			isa = PBXGroup;
			children = (
				28991A1019EC346C00AA4FF1 /* AppDelegate.swift */,
				28991A3319EC347F00AA4FF1 /* Model */,
				28991A3419EC348400AA4FF1 /* View */,
				28991A3519EC348800AA4FF1 /* Controller */,
				28991A1A19EC346C00AA4FF1 /* Images.xcassets */,
				28991A1219EC346C00AA4FF1 /* PhotoFilters.xcdatamodeld */,
				28EA7F4119EDA1A60046DFCC /* Filter.swift */,
				28991A0E19EC346C00AA4FF1 /* Supporting Files */,
			);
			path = PhotoFilters;
			sourceTree = "<group>";
		};
		28991A0E19EC346C00AA4FF1 /* Supporting Files */ = {
			isa = PBXGroup;
			children = (
				28991A3619EC3B9D00AA4FF1 /* testPhoto.jpg */,
				28991A3E19EC41A200AA4FF1 /* photo3.jpg */,
				28991A3F19EC41A200AA4FF1 /* photo2.jpg */,
				28991A0F19EC346C00AA4FF1 /* Info.plist */,
			);
			name = "Supporting Files";
			sourceTree = "<group>";
		};
		28991A2619EC346C00AA4FF1 /* PhotoFiltersTests */ = {
			isa = PBXGroup;
			children = (
				28991A2919EC346C00AA4FF1 /* PhotoFiltersTests.swift */,
				28991A2719EC346C00AA4FF1 /* Supporting Files */,
			);
			path = PhotoFiltersTests;
			sourceTree = "<group>";
		};
		28991A2719EC346C00AA4FF1 /* Supporting Files */ = {
			isa = PBXGroup;
			children = (
				28991A2819EC346C00AA4FF1 /* Info.plist */,
			);
			name = "Supporting Files";
			sourceTree = "<group>";
		};
		28991A3319EC347F00AA4FF1 /* Model */ = {
			isa = PBXGroup;
			children = (
				28EA7F3919ED91840046DFCC /* FilterThumbnail.swift */,
				2832DE2119F07F9E0019D9A6 /* FilteredMainImage.swift */,
				28EA7F3B19EDA04B0046DFCC /* CoreDataSeeder.swift */,
			);
			name = Model;
			path = ..;
			sourceTree = "<group>";
		};
		28991A3419EC348400AA4FF1 /* View */ = {
			isa = PBXGroup;
			children = (
				28991A1C19EC346C00AA4FF1 /* LaunchScreen.xib */,
				28991A1719EC346C00AA4FF1 /* Main.storyboard */,
				28EA7F3719ED903F0046DFCC /* FilterCollectionViewCell.swift */,
				28991A4219EC422C00AA4FF1 /* CollectionViewCell.swift */,
				283953E519EEF25500EC4CA4 /* PhotoCollectionViewCell.swift */,
			);
			name = View;
			path = ..;
			sourceTree = "<group>";
		};
		28991A3519EC348800AA4FF1 /* Controller */ = {
			isa = PBXGroup;
			children = (
				28991A1519EC346C00AA4FF1 /* ViewController.swift */,
				28991A3819EC3C9100AA4FF1 /* GalleryViewController.swift */,
				283953E719EEF2B000EC4CA4 /* PhotosViewController.swift */,
				2832DE1F19F0631A0019D9A6 /* AVFoundationViewController.swift */,
			);
			name = Controller;
			path = ..;
			sourceTree = "<group>";
		};
/* End PBXGroup section */

/* Begin PBXNativeTarget section */
		28991A0A19EC346C00AA4FF1 /* PhotoFilters */ = {
			isa = PBXNativeTarget;
			buildConfigurationList = 28991A2D19EC346C00AA4FF1 /* Build configuration list for PBXNativeTarget "PhotoFilters" */;
			buildPhases = (
				28991A0719EC346C00AA4FF1 /* Sources */,
				28991A0819EC346C00AA4FF1 /* Frameworks */,
				28991A0919EC346C00AA4FF1 /* Resources */,
			);
			buildRules = (
			);
			dependencies = (
			);
			name = PhotoFilters;
			productName = PhotoFilters;
			productReference = 28991A0B19EC346C00AA4FF1 /* PhotoFilters.app */;
			productType = "com.apple.product-type.application";
		};
		28991A2219EC346C00AA4FF1 /* PhotoFiltersTests */ = {
			isa = PBXNativeTarget;
			buildConfigurationList = 28991A3019EC346C00AA4FF1 /* Build configuration list for PBXNativeTarget "PhotoFiltersTests" */;
			buildPhases = (
				28991A1F19EC346C00AA4FF1 /* Sources */,
				28991A2019EC346C00AA4FF1 /* Frameworks */,
				28991A2119EC346C00AA4FF1 /* Resources */,
			);
			buildRules = (
			);
			dependencies = (
				28991A2519EC346C00AA4FF1 /* PBXTargetDependency */,
			);
			name = PhotoFiltersTests;
			productName = PhotoFiltersTests;
			productReference = 28991A2319EC346C00AA4FF1 /* PhotoFiltersTests.xctest */;
			productType = "com.apple.product-type.bundle.unit-test";
		};
/* End PBXNativeTarget section */

/* Begin PBXProject section */
		28991A0319EC346C00AA4FF1 /* Project object */ = {
			isa = PBXProject;
			attributes = {
				LastUpgradeCheck = 0600;
				ORGANIZATIONNAME = com.reidweber;
				TargetAttributes = {
					28991A0A19EC346C00AA4FF1 = {
						CreatedOnToolsVersion = 6.0.1;
					};
					28991A2219EC346C00AA4FF1 = {
						CreatedOnToolsVersion = 6.0.1;
						TestTargetID = 28991A0A19EC346C00AA4FF1;
					};
				};
			};
			buildConfigurationList = 28991A0619EC346C00AA4FF1 /* Build configuration list for PBXProject "PhotoFilters" */;
			compatibilityVersion = "Xcode 3.2";
			developmentRegion = English;
			hasScannedForEncodings = 0;
			knownRegions = (
				en,
				Base,
			);
			mainGroup = 28991A0219EC346C00AA4FF1;
			productRefGroup = 28991A0C19EC346C00AA4FF1 /* Products */;
			projectDirPath = "";
			projectRoot = "";
			targets = (
				28991A0A19EC346C00AA4FF1 /* PhotoFilters */,
				28991A2219EC346C00AA4FF1 /* PhotoFiltersTests */,
			);
		};
/* End PBXProject section */

/* Begin PBXResourcesBuildPhase section */
		28991A0919EC346C00AA4FF1 /* Resources */ = {
			isa = PBXResourcesBuildPhase;
			buildActionMask = 2147483647;
			files = (
				28991A4019EC41A200AA4FF1 /* photo3.jpg in Resources */,
				28991A4119EC41A200AA4FF1 /* photo2.jpg in Resources */,
				28991A1919EC346C00AA4FF1 /* Main.storyboard in Resources */,
				28991A1E19EC346C00AA4FF1 /* LaunchScreen.xib in Resources */,
				28991A3719EC3B9D00AA4FF1 /* testPhoto.jpg in Resources */,
				28991A1B19EC346C00AA4FF1 /* Images.xcassets in Resources */,
			);
			runOnlyForDeploymentPostprocessing = 0;
		};
		28991A2119EC346C00AA4FF1 /* Resources */ = {
			isa = PBXResourcesBuildPhase;
			buildActionMask = 2147483647;
			files = (
			);
			runOnlyForDeploymentPostprocessing = 0;
		};
/* End PBXResourcesBuildPhase section */

/* Begin PBXSourcesBuildPhase section */
		28991A0719EC346C00AA4FF1 /* Sources */ = {
			isa = PBXSourcesBuildPhase;
			buildActionMask = 2147483647;
			files = (
				28991A4319EC422C00AA4FF1 /* CollectionViewCell.swift in Sources */,
				283953E819EEF2B000EC4CA4 /* PhotosViewController.swift in Sources */,
				283953E619EEF25500EC4CA4 /* PhotoCollectionViewCell.swift in Sources */,
				2832DE2219F07F9E0019D9A6 /* FilteredMainImage.swift in Sources */,
				28991A1619EC346C00AA4FF1 /* ViewController.swift in Sources */,
				28EA7F3C19EDA04B0046DFCC /* CoreDataSeeder.swift in Sources */,
				28991A3919EC3C9100AA4FF1 /* GalleryViewController.swift in Sources */,
				28991A1419EC346C00AA4FF1 /* PhotoFilters.xcdatamodeld in Sources */,
				28EA7F3819ED903F0046DFCC /* FilterCollectionViewCell.swift in Sources */,
				2832DE2019F0631A0019D9A6 /* AVFoundationViewController.swift in Sources */,
				28991A1119EC346C00AA4FF1 /* AppDelegate.swift in Sources */,
				28EA7F4219EDA1A60046DFCC /* Filter.swift in Sources */,
				28EA7F3A19ED91840046DFCC /* FilterThumbnail.swift in Sources */,
			);
			runOnlyForDeploymentPostprocessing = 0;
		};
		28991A1F19EC346C00AA4FF1 /* Sources */ = {
			isa = PBXSourcesBuildPhase;
			buildActionMask = 2147483647;
			files = (
				28991A2A19EC346C00AA4FF1 /* PhotoFiltersTests.swift in Sources */,
			);
			runOnlyForDeploymentPostprocessing = 0;
		};
/* End PBXSourcesBuildPhase section */

/* Begin PBXTargetDependency section */
		28991A2519EC346C00AA4FF1 /* PBXTargetDependency */ = {
			isa = PBXTargetDependency;
			target = 28991A0A19EC346C00AA4FF1 /* PhotoFilters */;
			targetProxy = 28991A2419EC346C00AA4FF1 /* PBXContainerItemProxy */;
		};
/* End PBXTargetDependency section */

/* Begin PBXVariantGroup section */
		28991A1719EC346C00AA4FF1 /* Main.storyboard */ = {
			isa = PBXVariantGroup;
			children = (
				28991A1819EC346C00AA4FF1 /* Base */,
			);
			name = Main.storyboard;
			path = PhotoFilters;
			sourceTree = "<group>";
		};
		28991A1C19EC346C00AA4FF1 /* LaunchScreen.xib */ = {
			isa = PBXVariantGroup;
			children = (
				28991A1D19EC346C00AA4FF1 /* Base */,
			);
			name = LaunchScreen.xib;
			path = PhotoFilters;
			sourceTree = "<group>";
		};
/* End PBXVariantGroup section */

/* Begin XCBuildConfiguration section */
		28991A2B19EC346C00AA4FF1 /* Debug */ = {
			isa = XCBuildConfiguration;
			buildSettings = {
				ALWAYS_SEARCH_USER_PATHS = NO;
				CLANG_CXX_LANGUAGE_STANDARD = "gnu++0x";
				CLANG_CXX_LIBRARY = "libc++";
				CLANG_ENABLE_MODULES = YES;
				CLANG_ENABLE_OBJC_ARC = YES;
				CLANG_WARN_BOOL_CONVERSION = YES;
				CLANG_WARN_CONSTANT_CONVERSION = YES;
				CLANG_WARN_DIRECT_OBJC_ISA_USAGE = YES_ERROR;
				CLANG_WARN_EMPTY_BODY = YES;
				CLANG_WARN_ENUM_CONVERSION = YES;
				CLANG_WARN_INT_CONVERSION = YES;
				CLANG_WARN_OBJC_ROOT_CLASS = YES_ERROR;
				CLANG_WARN_UNREACHABLE_CODE = YES;
				CLANG_WARN__DUPLICATE_METHOD_MATCH = YES;
				"CODE_SIGN_IDENTITY[sdk=iphoneos*]" = "iPhone Developer";
				COPY_PHASE_STRIP = NO;
				ENABLE_STRICT_OBJC_MSGSEND = YES;
				GCC_C_LANGUAGE_STANDARD = gnu99;
				GCC_DYNAMIC_NO_PIC = NO;
				GCC_OPTIMIZATION_LEVEL = 0;
				GCC_PREPROCESSOR_DEFINITIONS = (
					"DEBUG=1",
					"$(inherited)",
				);
				GCC_SYMBOLS_PRIVATE_EXTERN = NO;
				GCC_WARN_64_TO_32_BIT_CONVERSION = YES;
				GCC_WARN_ABOUT_RETURN_TYPE = YES_ERROR;
				GCC_WARN_UNDECLARED_SELECTOR = YES;
				GCC_WARN_UNINITIALIZED_AUTOS = YES_AGGRESSIVE;
				GCC_WARN_UNUSED_FUNCTION = YES;
				GCC_WARN_UNUSED_VARIABLE = YES;
				IPHONEOS_DEPLOYMENT_TARGET = 8.0;
				MTL_ENABLE_DEBUG_INFO = YES;
				ONLY_ACTIVE_ARCH = YES;
				SDKROOT = iphoneos;
				SWIFT_OPTIMIZATION_LEVEL = "-Onone";
				TARGETED_DEVICE_FAMILY = "1,2";
			};
			name = Debug;
		};
		28991A2C19EC346C00AA4FF1 /* Release */ = {
			isa = XCBuildConfiguration;
			buildSettings = {
				ALWAYS_SEARCH_USER_PATHS = NO;
				CLANG_CXX_LANGUAGE_STANDARD = "gnu++0x";
				CLANG_CXX_LIBRARY = "libc++";
				CLANG_ENABLE_MODULES = YES;
				CLANG_ENABLE_OBJC_ARC = YES;
				CLANG_WARN_BOOL_CONVERSION = YES;
				CLANG_WARN_CONSTANT_CONVERSION = YES;
				CLANG_WARN_DIRECT_OBJC_ISA_USAGE = YES_ERROR;
				CLANG_WARN_EMPTY_BODY = YES;
				CLANG_WARN_ENUM_CONVERSION = YES;
				CLANG_WARN_INT_CONVERSION = YES;
				CLANG_WARN_OBJC_ROOT_CLASS = YES_ERROR;
				CLANG_WARN_UNREACHABLE_CODE = YES;
				CLANG_WARN__DUPLICATE_METHOD_MATCH = YES;
				"CODE_SIGN_IDENTITY[sdk=iphoneos*]" = "iPhone Developer";
				COPY_PHASE_STRIP = YES;
				ENABLE_NS_ASSERTIONS = NO;
				ENABLE_STRICT_OBJC_MSGSEND = YES;
				GCC_C_LANGUAGE_STANDARD = gnu99;
				GCC_WARN_64_TO_32_BIT_CONVERSION = YES;
				GCC_WARN_ABOUT_RETURN_TYPE = YES_ERROR;
				GCC_WARN_UNDECLARED_SELECTOR = YES;
				GCC_WARN_UNINITIALIZED_AUTOS = YES_AGGRESSIVE;
				GCC_WARN_UNUSED_FUNCTION = YES;
				GCC_WARN_UNUSED_VARIABLE = YES;
				IPHONEOS_DEPLOYMENT_TARGET = 8.0;
				MTL_ENABLE_DEBUG_INFO = NO;
				SDKROOT = iphoneos;
				TARGETED_DEVICE_FAMILY = "1,2";
				VALIDATE_PRODUCT = YES;
			};
			name = Release;
		};
		28991A2E19EC346C00AA4FF1 /* Debug */ = {
			isa = XCBuildConfiguration;
			buildSettings = {
				ASSETCATALOG_COMPILER_APPICON_NAME = AppIcon;
				INFOPLIST_FILE = PhotoFilters/Info.plist;
				LD_RUNPATH_SEARCH_PATHS = "$(inherited) @executable_path/Frameworks";
				PRODUCT_NAME = "$(TARGET_NAME)";
			};
			name = Debug;
		};
		28991A2F19EC346C00AA4FF1 /* Release */ = {
			isa = XCBuildConfiguration;
			buildSettings = {
				ASSETCATALOG_COMPILER_APPICON_NAME = AppIcon;
				INFOPLIST_FILE = PhotoFilters/Info.plist;
				LD_RUNPATH_SEARCH_PATHS = "$(inherited) @executable_path/Frameworks";
				PRODUCT_NAME = "$(TARGET_NAME)";
			};
			name = Release;
		};
		28991A3119EC346C00AA4FF1 /* Debug */ = {
			isa = XCBuildConfiguration;
			buildSettings = {
				BUNDLE_LOADER = "$(TEST_HOST)";
				FRAMEWORK_SEARCH_PATHS = (
					"$(SDKROOT)/Developer/Library/Frameworks",
					"$(inherited)",
				);
				GCC_PREPROCESSOR_DEFINITIONS = (
					"DEBUG=1",
					"$(inherited)",
				);
				INFOPLIST_FILE = PhotoFiltersTests/Info.plist;
				LD_RUNPATH_SEARCH_PATHS = "$(inherited) @executable_path/Frameworks @loader_path/Frameworks";
				PRODUCT_NAME = "$(TARGET_NAME)";
				TEST_HOST = "$(BUILT_PRODUCTS_DIR)/PhotoFilters.app/PhotoFilters";
			};
			name = Debug;
		};
		28991A3219EC346C00AA4FF1 /* Release */ = {
			isa = XCBuildConfiguration;
			buildSettings = {
				BUNDLE_LOADER = "$(TEST_HOST)";
				FRAMEWORK_SEARCH_PATHS = (
					"$(SDKROOT)/Developer/Library/Frameworks",
					"$(inherited)",
				);
				INFOPLIST_FILE = PhotoFiltersTests/Info.plist;
				LD_RUNPATH_SEARCH_PATHS = "$(inherited) @executable_path/Frameworks @loader_path/Frameworks";
				PRODUCT_NAME = "$(TARGET_NAME)";
				TEST_HOST = "$(BUILT_PRODUCTS_DIR)/PhotoFilters.app/PhotoFilters";
			};
			name = Release;
		};
/* End XCBuildConfiguration section */

/* Begin XCConfigurationList section */
		28991A0619EC346C00AA4FF1 /* Build configuration list for PBXProject "PhotoFilters" */ = {
			isa = XCConfigurationList;
			buildConfigurations = (
				28991A2B19EC346C00AA4FF1 /* Debug */,
				28991A2C19EC346C00AA4FF1 /* Release */,
			);
			defaultConfigurationIsVisible = 0;
			defaultConfigurationName = Release;
		};
		28991A2D19EC346C00AA4FF1 /* Build configuration list for PBXNativeTarget "PhotoFilters" */ = {
			isa = XCConfigurationList;
			buildConfigurations = (
				28991A2E19EC346C00AA4FF1 /* Debug */,
				28991A2F19EC346C00AA4FF1 /* Release */,
			);
			defaultConfigurationIsVisible = 0;
			defaultConfigurationName = Release;
		};
		28991A3019EC346C00AA4FF1 /* Build configuration list for PBXNativeTarget "PhotoFiltersTests" */ = {
			isa = XCConfigurationList;
			buildConfigurations = (
				28991A3119EC346C00AA4FF1 /* Debug */,
				28991A3219EC346C00AA4FF1 /* Release */,
			);
			defaultConfigurationIsVisible = 0;
			defaultConfigurationName = Release;
		};
/* End XCConfigurationList section */

/* Begin XCVersionGroup section */
		28991A1219EC346C00AA4FF1 /* PhotoFilters.xcdatamodeld */ = {
			isa = XCVersionGroup;
			children = (
				28991A1319EC346C00AA4FF1 /* PhotoFilters.xcdatamodel */,
			);
			currentVersion = 28991A1319EC346C00AA4FF1 /* PhotoFilters.xcdatamodel */;
			path = PhotoFilters.xcdatamodeld;
			sourceTree = "<group>";
			versionGroupType = wrapper.xcdatamodel;
		};
/* End XCVersionGroup section */
	};
	rootObject = 28991A0319EC346C00AA4FF1 /* Project object */;
}
